// !$*UTF8*$!
{
	archiveVersion = 1;
	classes = {
	};
	objectVersion = 55;
	objects = {

/* Begin PBXBuildFile section */
		2337E846280D713D004E094D /* SignUpViewController.swift in Sources */ = {isa = PBXBuildFile; fileRef = 2337E845280D713D004E094D /* SignUpViewController.swift */; };
		2365DE3A280C8BD800559F50 /* AppDelegate.swift in Sources */ = {isa = PBXBuildFile; fileRef = 2365DE39280C8BD800559F50 /* AppDelegate.swift */; };
		2365DE3C280C8BD800559F50 /* SceneDelegate.swift in Sources */ = {isa = PBXBuildFile; fileRef = 2365DE3B280C8BD800559F50 /* SceneDelegate.swift */; };
		2365DE3E280C8BD800559F50 /* ViewController.swift in Sources */ = {isa = PBXBuildFile; fileRef = 2365DE3D280C8BD800559F50 /* ViewController.swift */; };
		2365DE41280C8BD800559F50 /* Main.storyboard in Resources */ = {isa = PBXBuildFile; fileRef = 2365DE3F280C8BD800559F50 /* Main.storyboard */; };
		2365DE44280C8BD800559F50 /* CoreDataLoginApp.xcdatamodeld in Sources */ = {isa = PBXBuildFile; fileRef = 2365DE42280C8BD800559F50 /* CoreDataLoginApp.xcdatamodeld */; };
		2365DE46280C8BD800559F50 /* Assets.xcassets in Resources */ = {isa = PBXBuildFile; fileRef = 2365DE45280C8BD800559F50 /* Assets.xcassets */; };
		2365DE49280C8BD800559F50 /* LaunchScreen.storyboard in Resources */ = {isa = PBXBuildFile; fileRef = 2365DE47280C8BD800559F50 /* LaunchScreen.storyboard */; };
		2365DE54280C8BD800559F50 /* CoreDataLoginAppTests.swift in Sources */ = {isa = PBXBuildFile; fileRef = 2365DE53280C8BD800559F50 /* CoreDataLoginAppTests.swift */; };
		2365DE5E280C8BD800559F50 /* CoreDataLoginAppUITests.swift in Sources */ = {isa = PBXBuildFile; fileRef = 2365DE5D280C8BD800559F50 /* CoreDataLoginAppUITests.swift */; };
		2365DE60280C8BD800559F50 /* CoreDataLoginAppUITestsLaunchTests.swift in Sources */ = {isa = PBXBuildFile; fileRef = 2365DE5F280C8BD800559F50 /* CoreDataLoginAppUITestsLaunchTests.swift */; };
		2365DE6F280C990000559F50 /* LoginViewController.swift in Sources */ = {isa = PBXBuildFile; fileRef = 2365DE6E280C990000559F50 /* LoginViewController.swift */; };
/* End PBXBuildFile section */

/* Begin PBXContainerItemProxy section */
		2365DE50280C8BD800559F50 /* PBXContainerItemProxy */ = {
			isa = PBXContainerItemProxy;
			containerPortal = 2365DE2E280C8BD800559F50 /* Project object */;
			proxyType = 1;
			remoteGlobalIDString = 2365DE35280C8BD800559F50;
			remoteInfo = CoreDataLoginApp;
		};
		2365DE5A280C8BD800559F50 /* PBXContainerItemProxy */ = {
			isa = PBXContainerItemProxy;
			containerPortal = 2365DE2E280C8BD800559F50 /* Project object */;
			proxyType = 1;
			remoteGlobalIDString = 2365DE35280C8BD800559F50;
			remoteInfo = CoreDataLoginApp;
		};
/* End PBXContainerItemProxy section */

/* Begin PBXFileReference section */
		2337E845280D713D004E094D /* SignUpViewController.swift */ = {isa = PBXFileReference; lastKnownFileType = sourcecode.swift; path = SignUpViewController.swift; sourceTree = "<group>"; };
		2365DE36280C8BD800559F50 /* CoreDataLoginApp.app */ = {isa = PBXFileReference; explicitFileType = wrapper.application; includeInIndex = 0; path = CoreDataLoginApp.app; sourceTree = BUILT_PRODUCTS_DIR; };
		2365DE39280C8BD800559F50 /* AppDelegate.swift */ = {isa = PBXFileReference; lastKnownFileType = sourcecode.swift; path = AppDelegate.swift; sourceTree = "<group>"; };
		2365DE3B280C8BD800559F50 /* SceneDelegate.swift */ = {isa = PBXFileReference; lastKnownFileType = sourcecode.swift; path = SceneDelegate.swift; sourceTree = "<group>"; };
		2365DE3D280C8BD800559F50 /* ViewController.swift */ = {isa = PBXFileReference; lastKnownFileType = sourcecode.swift; path = ViewController.swift; sourceTree = "<group>"; };
		2365DE40280C8BD800559F50 /* Base */ = {isa = PBXFileReference; lastKnownFileType = file.storyboard; name = Base; path = Base.lproj/Main.storyboard; sourceTree = "<group>"; };
		2365DE43280C8BD800559F50 /* CoreDataLoginApp.xcdatamodel */ = {isa = PBXFileReference; lastKnownFileType = wrapper.xcdatamodel; path = CoreDataLoginApp.xcdatamodel; sourceTree = "<group>"; };
		2365DE45280C8BD800559F50 /* Assets.xcassets */ = {isa = PBXFileReference; lastKnownFileType = folder.assetcatalog; path = Assets.xcassets; sourceTree = "<group>"; };
		2365DE48280C8BD800559F50 /* Base */ = {isa = PBXFileReference; lastKnownFileType = file.storyboard; name = Base; path = Base.lproj/LaunchScreen.storyboard; sourceTree = "<group>"; };
		2365DE4A280C8BD800559F50 /* Info.plist */ = {isa = PBXFileReference; lastKnownFileType = text.plist.xml; path = Info.plist; sourceTree = "<group>"; };
		2365DE4F280C8BD800559F50 /* CoreDataLoginAppTests.xctest */ = {isa = PBXFileReference; explicitFileType = wrapper.cfbundle; includeInIndex = 0; path = CoreDataLoginAppTests.xctest; sourceTree = BUILT_PRODUCTS_DIR; };
		2365DE53280C8BD800559F50 /* CoreDataLoginAppTests.swift */ = {isa = PBXFileReference; lastKnownFileType = sourcecode.swift; path = CoreDataLoginAppTests.swift; sourceTree = "<group>"; };
		2365DE59280C8BD800559F50 /* CoreDataLoginAppUITests.xctest */ = {isa = PBXFileReference; explicitFileType = wrapper.cfbundle; includeInIndex = 0; path = CoreDataLoginAppUITests.xctest; sourceTree = BUILT_PRODUCTS_DIR; };
		2365DE5D280C8BD800559F50 /* CoreDataLoginAppUITests.swift */ = {isa = PBXFileReference; lastKnownFileType = sourcecode.swift; path = CoreDataLoginAppUITests.swift; sourceTree = "<group>"; };
		2365DE5F280C8BD800559F50 /* CoreDataLoginAppUITestsLaunchTests.swift */ = {isa = PBXFileReference; lastKnownFileType = sourcecode.swift; path = CoreDataLoginAppUITestsLaunchTests.swift; sourceTree = "<group>"; };
		2365DE6E280C990000559F50 /* LoginViewController.swift */ = {isa = PBXFileReference; lastKnownFileType = sourcecode.swift; path = LoginViewController.swift; sourceTree = "<group>"; };
/* End PBXFileReference section */

/* Begin PBXFrameworksBuildPhase section */
		2365DE33280C8BD800559F50 /* Frameworks */ = {
			isa = PBXFrameworksBuildPhase;
			buildActionMask = 2147483647;
			files = (
			);
			runOnlyForDeploymentPostprocessing = 0;
		};
		2365DE4C280C8BD800559F50 /* Frameworks */ = {
			isa = PBXFrameworksBuildPhase;
			buildActionMask = 2147483647;
			files = (
			);
			runOnlyForDeploymentPostprocessing = 0;
		};
		2365DE56280C8BD800559F50 /* Frameworks */ = {
			isa = PBXFrameworksBuildPhase;
			buildActionMask = 2147483647;
			files = (
			);
			runOnlyForDeploymentPostprocessing = 0;
		};
/* End PBXFrameworksBuildPhase section */

/* Begin PBXGroup section */
		2365DE2D280C8BD800559F50 = {
			isa = PBXGroup;
			children = (
				2365DE38280C8BD800559F50 /* CoreDataLoginApp */,
				2365DE52280C8BD800559F50 /* CoreDataLoginAppTests */,
				2365DE5C280C8BD800559F50 /* CoreDataLoginAppUITests */,
				2365DE37280C8BD800559F50 /* Products */,
			);
			sourceTree = "<group>";
		};
		2365DE37280C8BD800559F50 /* Products */ = {
			isa = PBXGroup;
			children = (
				2365DE36280C8BD800559F50 /* CoreDataLoginApp.app */,
				2365DE4F280C8BD800559F50 /* CoreDataLoginAppTests.xctest */,
				2365DE59280C8BD800559F50 /* CoreDataLoginAppUITests.xctest */,
			);
			name = Products;
			sourceTree = "<group>";
		};
		2365DE38280C8BD800559F50 /* CoreDataLoginApp */ = {
			isa = PBXGroup;
			children = (
				2365DE70280CA13A00559F50 /* Controller */,
				2365DE39280C8BD800559F50 /* AppDelegate.swift */,
				2365DE3B280C8BD800559F50 /* SceneDelegate.swift */,
				2365DE3F280C8BD800559F50 /* Main.storyboard */,
				2365DE45280C8BD800559F50 /* Assets.xcassets */,
				2365DE47280C8BD800559F50 /* LaunchScreen.storyboard */,
				2365DE4A280C8BD800559F50 /* Info.plist */,
				2365DE42280C8BD800559F50 /* CoreDataLoginApp.xcdatamodeld */,
			);
			path = CoreDataLoginApp;
			sourceTree = "<group>";
		};
		2365DE52280C8BD800559F50 /* CoreDataLoginAppTests */ = {
			isa = PBXGroup;
			children = (
				2365DE53280C8BD800559F50 /* CoreDataLoginAppTests.swift */,
			);
			path = CoreDataLoginAppTests;
			sourceTree = "<group>";
		};
		2365DE5C280C8BD800559F50 /* CoreDataLoginAppUITests */ = {
			isa = PBXGroup;
			children = (
				2365DE5D280C8BD800559F50 /* CoreDataLoginAppUITests.swift */,
				2365DE5F280C8BD800559F50 /* CoreDataLoginAppUITestsLaunchTests.swift */,
			);
			path = CoreDataLoginAppUITests;
			sourceTree = "<group>";
		};
		2365DE70280CA13A00559F50 /* Controller */ = {
			isa = PBXGroup;
			children = (
				2365DE6E280C990000559F50 /* LoginViewController.swift */,
				2365DE3D280C8BD800559F50 /* ViewController.swift */,
				2337E845280D713D004E094D /* SignUpViewController.swift */,
			);
			path = Controller;
			sourceTree = "<group>";
		};
/* End PBXGroup section */

/* Begin PBXNativeTarget section */
		2365DE35280C8BD800559F50 /* CoreDataLoginApp */ = {
			isa = PBXNativeTarget;
			buildConfigurationList = 2365DE63280C8BD800559F50 /* Build configuration list for PBXNativeTarget "CoreDataLoginApp" */;
			buildPhases = (
				2365DE32280C8BD800559F50 /* Sources */,
				2365DE33280C8BD800559F50 /* Frameworks */,
				2365DE34280C8BD800559F50 /* Resources */,
			);
			buildRules = (
			);
			dependencies = (
			);
			name = CoreDataLoginApp;
			productName = CoreDataLoginApp;
			productReference = 2365DE36280C8BD800559F50 /* CoreDataLoginApp.app */;
			productType = "com.apple.product-type.application";
		};
		2365DE4E280C8BD800559F50 /* CoreDataLoginAppTests */ = {
			isa = PBXNativeTarget;
			buildConfigurationList = 2365DE66280C8BD800559F50 /* Build configuration list for PBXNativeTarget "CoreDataLoginAppTests" */;
			buildPhases = (
				2365DE4B280C8BD800559F50 /* Sources */,
				2365DE4C280C8BD800559F50 /* Frameworks */,
				2365DE4D280C8BD800559F50 /* Resources */,
			);
			buildRules = (
			);
			dependencies = (
				2365DE51280C8BD800559F50 /* PBXTargetDependency */,
			);
			name = CoreDataLoginAppTests;
			productName = CoreDataLoginAppTests;
			productReference = 2365DE4F280C8BD800559F50 /* CoreDataLoginAppTests.xctest */;
			productType = "com.apple.product-type.bundle.unit-test";
		};
		2365DE58280C8BD800559F50 /* CoreDataLoginAppUITests */ = {
			isa = PBXNativeTarget;
			buildConfigurationList = 2365DE69280C8BD800559F50 /* Build configuration list for PBXNativeTarget "CoreDataLoginAppUITests" */;
			buildPhases = (
				2365DE55280C8BD800559F50 /* Sources */,
				2365DE56280C8BD800559F50 /* Frameworks */,
				2365DE57280C8BD800559F50 /* Resources */,
			);
			buildRules = (
			);
			dependencies = (
				2365DE5B280C8BD800559F50 /* PBXTargetDependency */,
			);
			name = CoreDataLoginAppUITests;
			productName = CoreDataLoginAppUITests;
			productReference = 2365DE59280C8BD800559F50 /* CoreDataLoginAppUITests.xctest */;
			productType = "com.apple.product-type.bundle.ui-testing";
		};
/* End PBXNativeTarget section */

/* Begin PBXProject section */
		2365DE2E280C8BD800559F50 /* Project object */ = {
			isa = PBXProject;
			attributes = {
				BuildIndependentTargetsInParallel = 1;
				LastSwiftUpdateCheck = 1310;
				LastUpgradeCheck = 1310;
				TargetAttributes = {
					2365DE35280C8BD800559F50 = {
						CreatedOnToolsVersion = 13.1;
					};
					2365DE4E280C8BD800559F50 = {
						CreatedOnToolsVersion = 13.1;
						TestTargetID = 2365DE35280C8BD800559F50;
					};
					2365DE58280C8BD800559F50 = {
						CreatedOnToolsVersion = 13.1;
						TestTargetID = 2365DE35280C8BD800559F50;
					};
				};
			};
			buildConfigurationList = 2365DE31280C8BD800559F50 /* Build configuration list for PBXProject "CoreDataLoginApp" */;
			compatibilityVersion = "Xcode 13.0";
			developmentRegion = en;
			hasScannedForEncodings = 0;
			knownRegions = (
				en,
				Base,
			);
			mainGroup = 2365DE2D280C8BD800559F50;
			productRefGroup = 2365DE37280C8BD800559F50 /* Products */;
			projectDirPath = "";
			projectRoot = "";
			targets = (
				2365DE35280C8BD800559F50 /* CoreDataLoginApp */,
				2365DE4E280C8BD800559F50 /* CoreDataLoginAppTests */,
				2365DE58280C8BD800559F50 /* CoreDataLoginAppUITests */,
			);
		};
/* End PBXProject section */

/* Begin PBXResourcesBuildPhase section */
		2365DE34280C8BD800559F50 /* Resources */ = {
			isa = PBXResourcesBuildPhase;
			buildActionMask = 2147483647;
			files = (
				2365DE49280C8BD800559F50 /* LaunchScreen.storyboard in Resources */,
				2365DE46280C8BD800559F50 /* Assets.xcassets in Resources */,
				2365DE41280C8BD800559F50 /* Main.storyboard in Resources */,
			);
			runOnlyForDeploymentPostprocessing = 0;
		};
		2365DE4D280C8BD800559F50 /* Resources */ = {
			isa = PBXResourcesBuildPhase;
			buildActionMask = 2147483647;
			files = (
			);
			runOnlyForDeploymentPostprocessing = 0;
		};
		2365DE57280C8BD800559F50 /* Resources */ = {
			isa = PBXResourcesBuildPhase;
			buildActionMask = 2147483647;
			files = (
			);
			runOnlyForDeploymentPostprocessing = 0;
		};
/* End PBXResourcesBuildPhase section */

/* Begin PBXSourcesBuildPhase section */
		2365DE32280C8BD800559F50 /* Sources */ = {
			isa = PBXSourcesBuildPhase;
			buildActionMask = 2147483647;
			files = (
				2337E846280D713D004E094D /* SignUpViewController.swift in Sources */,
				2365DE3E280C8BD800559F50 /* ViewController.swift in Sources */,
				2365DE3A280C8BD800559F50 /* AppDelegate.swift in Sources */,
				2365DE44280C8BD800559F50 /* CoreDataLoginApp.xcdatamodeld in Sources */,
				2365DE6F280C990000559F50 /* LoginViewController.swift in Sources */,
				2365DE3C280C8BD800559F50 /* SceneDelegate.swift in Sources */,
			);
			runOnlyForDeploymentPostprocessing = 0;
		};
		2365DE4B280C8BD800559F50 /* Sources */ = {
			isa = PBXSourcesBuildPhase;
			buildActionMask = 2147483647;
			files = (
				2365DE54280C8BD800559F50 /* CoreDataLoginAppTests.swift in Sources */,
			);
			runOnlyForDeploymentPostprocessing = 0;
		};
		2365DE55280C8BD800559F50 /* Sources */ = {
			isa = PBXSourcesBuildPhase;
			buildActionMask = 2147483647;
			files = (
				2365DE5E280C8BD800559F50 /* CoreDataLoginAppUITests.swift in Sources */,
				2365DE60280C8BD800559F50 /* CoreDataLoginAppUITestsLaunchTests.swift in Sources */,
			);
			runOnlyForDeploymentPostprocessing = 0;
		};
/* End PBXSourcesBuildPhase section */

/* Begin PBXTargetDependency section */
		2365DE51280C8BD800559F50 /* PBXTargetDependency */ = {
			isa = PBXTargetDependency;
			target = 2365DE35280C8BD800559F50 /* CoreDataLoginApp */;
			targetProxy = 2365DE50280C8BD800559F50 /* PBXContainerItemProxy */;
		};
		2365DE5B280C8BD800559F50 /* PBXTargetDependency */ = {
			isa = PBXTargetDependency;
			target = 2365DE35280C8BD800559F50 /* CoreDataLoginApp */;
			targetProxy = 2365DE5A280C8BD800559F50 /* PBXContainerItemProxy */;
		};
/* End PBXTargetDependency section */

/* Begin PBXVariantGroup section */
		2365DE3F280C8BD800559F50 /* Main.storyboard */ = {
			isa = PBXVariantGroup;
			children = (
				2365DE40280C8BD800559F50 /* Base */,
			);
			name = Main.storyboard;
			sourceTree = "<group>";
		};
		2365DE47280C8BD800559F50 /* LaunchScreen.storyboard */ = {
			isa = PBXVariantGroup;
			children = (
				2365DE48280C8BD800559F50 /* Base */,
			);
			name = LaunchScreen.storyboard;
			sourceTree = "<group>";
		};
/* End PBXVariantGroup section */

/* Begin XCBuildConfiguration section */
		2365DE61280C8BD800559F50 /* Debug */ = {
			isa = XCBuildConfiguration;
			buildSettings = {
				ALWAYS_SEARCH_USER_PATHS = NO;
				CLANG_ANALYZER_NONNULL = YES;
				CLANG_ANALYZER_NUMBER_OBJECT_CONVERSION = YES_AGGRESSIVE;
				CLANG_CXX_LANGUAGE_STANDARD = "gnu++17";
				CLANG_CXX_LIBRARY = "libc++";
				CLANG_ENABLE_MODULES = YES;
				CLANG_ENABLE_OBJC_ARC = YES;
				CLANG_ENABLE_OBJC_WEAK = YES;
				CLANG_WARN_BLOCK_CAPTURE_AUTORELEASING = YES;
				CLANG_WARN_BOOL_CONVERSION = YES;
				CLANG_WARN_COMMA = YES;
				CLANG_WARN_CONSTANT_CONVERSION = YES;
				CLANG_WARN_DEPRECATED_OBJC_IMPLEMENTATIONS = YES;
				CLANG_WARN_DIRECT_OBJC_ISA_USAGE = YES_ERROR;
				CLANG_WARN_DOCUMENTATION_COMMENTS = YES;
				CLANG_WARN_EMPTY_BODY = YES;
				CLANG_WARN_ENUM_CONVERSION = YES;
				CLANG_WARN_INFINITE_RECURSION = YES;
				CLANG_WARN_INT_CONVERSION = YES;
				CLANG_WARN_NON_LITERAL_NULL_CONVERSION = YES;
				CLANG_WARN_OBJC_IMPLICIT_RETAIN_SELF = YES;
				CLANG_WARN_OBJC_LITERAL_CONVERSION = YES;
				CLANG_WARN_OBJC_ROOT_CLASS = YES_ERROR;
				CLANG_WARN_QUOTED_INCLUDE_IN_FRAMEWORK_HEADER = YES;
				CLANG_WARN_RANGE_LOOP_ANALYSIS = YES;
				CLANG_WARN_STRICT_PROTOTYPES = YES;
				CLANG_WARN_SUSPICIOUS_MOVE = YES;
				CLANG_WARN_UNGUARDED_AVAILABILITY = YES_AGGRESSIVE;
				CLANG_WARN_UNREACHABLE_CODE = YES;
				CLANG_WARN__DUPLICATE_METHOD_MATCH = YES;
				COPY_PHASE_STRIP = NO;
				DEBUG_INFORMATION_FORMAT = dwarf;
				ENABLE_STRICT_OBJC_MSGSEND = YES;
				ENABLE_TESTABILITY = YES;
				GCC_C_LANGUAGE_STANDARD = gnu11;
				GCC_DYNAMIC_NO_PIC = NO;
				GCC_NO_COMMON_BLOCKS = YES;
				GCC_OPTIMIZATION_LEVEL = 0;
				GCC_PREPROCESSOR_DEFINITIONS = (
					"DEBUG=1",
					"$(inherited)",
				);
				GCC_WARN_64_TO_32_BIT_CONVERSION = YES;
				GCC_WARN_ABOUT_RETURN_TYPE = YES_ERROR;
				GCC_WARN_UNDECLARED_SELECTOR = YES;
				GCC_WARN_UNINITIALIZED_AUTOS = YES_AGGRESSIVE;
				GCC_WARN_UNUSED_FUNCTION = YES;
				GCC_WARN_UNUSED_VARIABLE = YES;
				IPHONEOS_DEPLOYMENT_TARGET = 15.0;
				MTL_ENABLE_DEBUG_INFO = INCLUDE_SOURCE;
				MTL_FAST_MATH = YES;
				ONLY_ACTIVE_ARCH = YES;
				SDKROOT = iphoneos;
				SWIFT_ACTIVE_COMPILATION_CONDITIONS = DEBUG;
				SWIFT_OPTIMIZATION_LEVEL = "-Onone";
			};
			name = Debug;
		};
		2365DE62280C8BD800559F50 /* Release */ = {
			isa = XCBuildConfiguration;
			buildSettings = {
				ALWAYS_SEARCH_USER_PATHS = NO;
				CLANG_ANALYZER_NONNULL = YES;
				CLANG_ANALYZER_NUMBER_OBJECT_CONVERSION = YES_AGGRESSIVE;
				CLANG_CXX_LANGUAGE_STANDARD = "gnu++17";
				CLANG_CXX_LIBRARY = "libc++";
				CLANG_ENABLE_MODULES = YES;
				CLANG_ENABLE_OBJC_ARC = YES;
				CLANG_ENABLE_OBJC_WEAK = YES;
				CLANG_WARN_BLOCK_CAPTURE_AUTORELEASING = YES;
				CLANG_WARN_BOOL_CONVERSION = YES;
				CLANG_WARN_COMMA = YES;
				CLANG_WARN_CONSTANT_CONVERSION = YES;
				CLANG_WARN_DEPRECATED_OBJC_IMPLEMENTATIONS = YES;
				CLANG_WARN_DIRECT_OBJC_ISA_USAGE = YES_ERROR;
				CLANG_WARN_DOCUMENTATION_COMMENTS = YES;
				CLANG_WARN_EMPTY_BODY = YES;
				CLANG_WARN_ENUM_CONVERSION = YES;
				CLANG_WARN_INFINITE_RECURSION = YES;
				CLANG_WARN_INT_CONVERSION = YES;
				CLANG_WARN_NON_LITERAL_NULL_CONVERSION = YES;
				CLANG_WARN_OBJC_IMPLICIT_RETAIN_SELF = YES;
				CLANG_WARN_OBJC_LITERAL_CONVERSION = YES;
				CLANG_WARN_OBJC_ROOT_CLASS = YES_ERROR;
				CLANG_WARN_QUOTED_INCLUDE_IN_FRAMEWORK_HEADER = YES;
				CLANG_WARN_RANGE_LOOP_ANALYSIS = YES;
				CLANG_WARN_STRICT_PROTOTYPES = YES;
				CLANG_WARN_SUSPICIOUS_MOVE = YES;
				CLANG_WARN_UNGUARDED_AVAILABILITY = YES_AGGRESSIVE;
				CLANG_WARN_UNREACHABLE_CODE = YES;
				CLANG_WARN__DUPLICATE_METHOD_MATCH = YES;
				COPY_PHASE_STRIP = NO;
				DEBUG_INFORMATION_FORMAT = "dwarf-with-dsym";
				ENABLE_NS_ASSERTIONS = NO;
				ENABLE_STRICT_OBJC_MSGSEND = YES;
				GCC_C_LANGUAGE_STANDARD = gnu11;
				GCC_NO_COMMON_BLOCKS = YES;
				GCC_WARN_64_TO_32_BIT_CONVERSION = YES;
				GCC_WARN_ABOUT_RETURN_TYPE = YES_ERROR;
				GCC_WARN_UNDECLARED_SELECTOR = YES;
				GCC_WARN_UNINITIALIZED_AUTOS = YES_AGGRESSIVE;
				GCC_WARN_UNUSED_FUNCTION = YES;
				GCC_WARN_UNUSED_VARIABLE = YES;
				IPHONEOS_DEPLOYMENT_TARGET = 15.0;
				MTL_ENABLE_DEBUG_INFO = NO;
				MTL_FAST_MATH = YES;
				SDKROOT = iphoneos;
				SWIFT_COMPILATION_MODE = wholemodule;
				SWIFT_OPTIMIZATION_LEVEL = "-O";
				VALIDATE_PRODUCT = YES;
			};
			name = Release;
		};
		2365DE64280C8BD800559F50 /* Debug */ = {
			isa = XCBuildConfiguration;
			buildSettings = {
				ASSETCATALOG_COMPILER_APPICON_NAME = AppIcon;
				ASSETCATALOG_COMPILER_GLOBAL_ACCENT_COLOR_NAME = AccentColor;
				CODE_SIGN_STYLE = Automatic;
				CURRENT_PROJECT_VERSION = 1;
				GENERATE_INFOPLIST_FILE = YES;
				INFOPLIST_FILE = CoreDataLoginApp/Info.plist;
				INFOPLIST_KEY_UIApplicationSupportsIndirectInputEvents = YES;
				INFOPLIST_KEY_UILaunchStoryboardName = LaunchScreen;
				INFOPLIST_KEY_UIMainStoryboardFile = Main;
				INFOPLIST_KEY_UISupportedInterfaceOrientations_iPad = "UIInterfaceOrientationPortrait UIInterfaceOrientationPortraitUpsideDown UIInterfaceOrientationLandscapeLeft UIInterfaceOrientationLandscapeRight";
				INFOPLIST_KEY_UISupportedInterfaceOrientations_iPhone = "UIInterfaceOrientationPortrait UIInterfaceOrientationLandscapeLeft UIInterfaceOrientationLandscapeRight";
				LD_RUNPATH_SEARCH_PATHS = (
					"$(inherited)",
					"@executable_path/Frameworks",
				);
				MARKETING_VERSION = 1.0;
				PRODUCT_BUNDLE_IDENTIFIER = dellainfotech.CoreDataLoginApp;
				PRODUCT_NAME = "$(TARGET_NAME)";
				SWIFT_EMIT_LOC_STRINGS = YES;
				SWIFT_VERSION = 5.0;
				TARGETED_DEVICE_FAMILY = "1,2";
			};
			name = Debug;
		};
		2365DE65280C8BD800559F50 /* Release */ = {
			isa = XCBuildConfiguration;
			buildSettings = {
				ASSETCATALOG_COMPILER_APPICON_NAME = AppIcon;
				ASSETCATALOG_COMPILER_GLOBAL_ACCENT_COLOR_NAME = AccentColor;
				CODE_SIGN_STYLE = Automatic;
				CURRENT_PROJECT_VERSION = 1;
				GENERATE_INFOPLIST_FILE = YES;
				INFOPLIST_FILE = CoreDataLoginApp/Info.plist;
				INFOPLIST_KEY_UIApplicationSupportsIndirectInputEvents = YES;
				INFOPLIST_KEY_UILaunchStoryboardName = LaunchScreen;
				INFOPLIST_KEY_UIMainStoryboardFile = Main;
				INFOPLIST_KEY_UISupportedInterfaceOrientations_iPad = "UIInterfaceOrientationPortrait UIInterfaceOrientationPortraitUpsideDown UIInterfaceOrientationLandscapeLeft UIInterfaceOrientationLandscapeRight";
				INFOPLIST_KEY_UISupportedInterfaceOrientations_iPhone = "UIInterfaceOrientationPortrait UIInterfaceOrientationLandscapeLeft UIInterfaceOrientationLandscapeRight";
				LD_RUNPATH_SEARCH_PATHS = (
					"$(inherited)",
					"@executable_path/Frameworks",
				);
				MARKETING_VERSION = 1.0;
				PRODUCT_BUNDLE_IDENTIFIER = dellainfotech.CoreDataLoginApp;
				PRODUCT_NAME = "$(TARGET_NAME)";
				SWIFT_EMIT_LOC_STRINGS = YES;
				SWIFT_VERSION = 5.0;
				TARGETED_DEVICE_FAMILY = "1,2";
			};
			name = Release;
		};
		2365DE67280C8BD800559F50 /* Debug */ = {
			isa = XCBuildConfiguration;
			buildSettings = {
				ALWAYS_EMBED_SWIFT_STANDARD_LIBRARIES = YES;
				BUNDLE_LOADER = "$(TEST_HOST)";
				CODE_SIGN_STYLE = Automatic;
				CURRENT_PROJECT_VERSION = 1;
				GENERATE_INFOPLIST_FILE = YES;
				IPHONEOS_DEPLOYMENT_TARGET = 15.0;
				LD_RUNPATH_SEARCH_PATHS = (
					"$(inherited)",
					"@executable_path/Frameworks",
					"@loader_path/Frameworks",
				);
				MARKETING_VERSION = 1.0;
				PRODUCT_BUNDLE_IDENTIFIER = dellainfotech.CoreDataLoginAppTests;
				PRODUCT_NAME = "$(TARGET_NAME)";
				SWIFT_EMIT_LOC_STRINGS = NO;
				SWIFT_VERSION = 5.0;
				TARGETED_DEVICE_FAMILY = "1,2";
				TEST_HOST = "$(BUILT_PRODUCTS_DIR)/CoreDataLoginApp.app/CoreDataLoginApp";
			};
			name = Debug;
		};
		2365DE68280C8BD800559F50 /* Release */ = {
			isa = XCBuildConfiguration;
			buildSettings = {
				ALWAYS_EMBED_SWIFT_STANDARD_LIBRARIES = YES;
				BUNDLE_LOADER = "$(TEST_HOST)";
				CODE_SIGN_STYLE = Automatic;
				CURRENT_PROJECT_VERSION = 1;
				GENERATE_INFOPLIST_FILE = YES;
				IPHONEOS_DEPLOYMENT_TARGET = 15.0;
				LD_RUNPATH_SEARCH_PATHS = (
					"$(inherited)",
					"@executable_path/Frameworks",
					"@loader_path/Frameworks",
				);
				MARKETING_VERSION = 1.0;
				PRODUCT_BUNDLE_IDENTIFIER = dellainfotech.CoreDataLoginAppTests;
				PRODUCT_NAME = "$(TARGET_NAME)";
				SWIFT_EMIT_LOC_STRINGS = NO;
				SWIFT_VERSION = 5.0;
				TARGETED_DEVICE_FAMILY = "1,2";
				TEST_HOST = "$(BUILT_PRODUCTS_DIR)/CoreDataLoginApp.app/CoreDataLoginApp";
			};
			name = Release;
		};
		2365DE6A280C8BD800559F50 /* Debug */ = {
			isa = XCBuildConfiguration;
			buildSettings = {
				ALWAYS_EMBED_SWIFT_STANDARD_LIBRARIES = YES;
				CODE_SIGN_STYLE = Automatic;
				CURRENT_PROJECT_VERSION = 1;
				GENERATE_INFOPLIST_FILE = YES;
				LD_RUNPATH_SEARCH_PATHS = (
					"$(inherited)",
					"@executable_path/Frameworks",
					"@loader_path/Frameworks",
				);
				MARKETING_VERSION = 1.0;
				PRODUCT_BUNDLE_IDENTIFIER = dellainfotech.CoreDataLoginAppUITests;
				PRODUCT_NAME = "$(TARGET_NAME)";
				SWIFT_EMIT_LOC_STRINGS = NO;
				SWIFT_VERSION = 5.0;
				TARGETED_DEVICE_FAMILY = "1,2";
				TEST_TARGET_NAME = CoreDataLoginApp;
			};
			name = Debug;
		};
		2365DE6B280C8BD800559F50 /* Release */ = {
			isa = XCBuildConfiguration;
			buildSettings = {
				ALWAYS_EMBED_SWIFT_STANDARD_LIBRARIES = YES;
				CODE_SIGN_STYLE = Automatic;
				CURRENT_PROJECT_VERSION = 1;
				GENERATE_INFOPLIST_FILE = YES;
				LD_RUNPATH_SEARCH_PATHS = (
					"$(inherited)",
					"@executable_path/Frameworks",
					"@loader_path/Frameworks",
				);
				MARKETING_VERSION = 1.0;
				PRODUCT_BUNDLE_IDENTIFIER = dellainfotech.CoreDataLoginAppUITests;
				PRODUCT_NAME = "$(TARGET_NAME)";
				SWIFT_EMIT_LOC_STRINGS = NO;
				SWIFT_VERSION = 5.0;
				TARGETED_DEVICE_FAMILY = "1,2";
				TEST_TARGET_NAME = CoreDataLoginApp;
			};
			name = Release;
		};
/* End XCBuildConfiguration section */

/* Begin XCConfigurationList section */
		2365DE31280C8BD800559F50 /* Build configuration list for PBXProject "CoreDataLoginApp" */ = {
			isa = XCConfigurationList;
			buildConfigurations = (
				2365DE61280C8BD800559F50 /* Debug */,
				2365DE62280C8BD800559F50 /* Release */,
			);
			defaultConfigurationIsVisible = 0;
			defaultConfigurationName = Release;
		};
		2365DE63280C8BD800559F50 /* Build configuration list for PBXNativeTarget "CoreDataLoginApp" */ = {
			isa = XCConfigurationList;
			buildConfigurations = (
				2365DE64280C8BD800559F50 /* Debug */,
				2365DE65280C8BD800559F50 /* Release */,
			);
			defaultConfigurationIsVisible = 0;
			defaultConfigurationName = Release;
		};
		2365DE66280C8BD800559F50 /* Build configuration list for PBXNativeTarget "CoreDataLoginAppTests" */ = {
			isa = XCConfigurationList;
			buildConfigurations = (
				2365DE67280C8BD800559F50 /* Debug */,
				2365DE68280C8BD800559F50 /* Release */,
			);
			defaultConfigurationIsVisible = 0;
			defaultConfigurationName = Release;
		};
		2365DE69280C8BD800559F50 /* Build configuration list for PBXNativeTarget "CoreDataLoginAppUITests" */ = {
			isa = XCConfigurationList;
			buildConfigurations = (
				2365DE6A280C8BD800559F50 /* Debug */,
				2365DE6B280C8BD800559F50 /* Release */,
			);
			defaultConfigurationIsVisible = 0;
			defaultConfigurationName = Release;
		};
/* End XCConfigurationList section */

/* Begin XCVersionGroup section */
		2365DE42280C8BD800559F50 /* CoreDataLoginApp.xcdatamodeld */ = {
			isa = XCVersionGroup;
			children = (
				2365DE43280C8BD800559F50 /* CoreDataLoginApp.xcdatamodel */,
			);
			currentVersion = 2365DE43280C8BD800559F50 /* CoreDataLoginApp.xcdatamodel */;
			path = CoreDataLoginApp.xcdatamodeld;
			sourceTree = "<group>";
			versionGroupType = wrapper.xcdatamodel;
		};
/* End XCVersionGroup section */
	};
	rootObject = 2365DE2E280C8BD800559F50 /* Project object */;
}
